
Microsoft Visual Studio Solution File, Format Version 12.00
# Visual Studio Version 17
VisualStudioVersion = 17.8.34330.188
MinimumVisualStudioVersion = 10.0.40219.1
Project("{FAE04EC0-301F-11D3-BF4B-00C04F79EFBC}") = "HellAndBack", "HellAndBack\HellAndBack.csproj", "{15AB30B3-2248-4E61-9E51-290B007AE56F}"
EndProject
Global
	GlobalSection(SolutionConfigurationPlatforms) = preSolution
		Debug|Any CPU = Debug|Any CPU
		Release|Any CPU = Release|Any CPU
	EndGlobalSection
	GlobalSection(ProjectConfigurationPlatforms) = postSolution
		{15AB30B3-2248-4E61-9E51-290B007AE56F}.Debug|Any CPU.ActiveCfg = Debug|Any CPU
		{15AB30B3-2248-4E61-9E51-290B007AE56F}.Debug|Any CPU.Build.0 = Debug|Any CPU
		{15AB30B3-2248-4E61-9E51-290B007AE56F}.Release|Any CPU.ActiveCfg = Release|Any CPU
		{15AB30B3-2248-4E61-9E51-290B007AE56F}.Release|Any CPU.Build.0 = Release|Any CPU
	EndGlobalSection
	GlobalSection(SolutionProperties) = preSolution
		HideSolutionNode = FALSE
	EndGlobalSection
	GlobalSection(ExtensibilityGlobals) = postSolution
		SolutionGuid = {37BD8626-21EB-4901-BD6F-4B809B454D6E}
	EndGlobalSection
EndGlobal
